PODS:
  - Flutter (1.0.0)
  - NWWebSocket (0.5.2)
  - pusher_client (2.0.0):
    - Flutter
    - PusherSwiftWithEncryption (= 9.2.2)
  - PusherSwiftWithEncryption (9.2.2):
    - NWWebSocket (~> 0.5.2)
    - TweetNacl (~> 1.0.0)
  - TweetNacl (1.0.2)

DEPENDENCIES:
  - Flutter (from `Flutter`)
  - pusher_client (from `.symlinks/plugins/pusher_client/ios`)

SPEC REPOS:
  trunk:
    - NWWebSocket
    - PusherSwiftWithEncryption
    - TweetNacl

EXTERNAL SOURCES:
  Flutter:
    :path: Flutter
  pusher_client:
    :path: ".symlinks/plugins/pusher_client/ios"

SPEC CHECKSUMS:
  Flutter: 50d75fe2f02b26cc09d224853bb45737f8b3214a
  NWWebSocket: 21f0c73639815da3272862c912275b26102aa80c
  pusher_client: 2d60d72f93ec1a8b34eb5023ea61d54e96e9facc
  PusherSwiftWithEncryption: 7c5192445971a4105e1f425dcbcc7d0286c4fc23
  TweetNacl: 3abf4d1d2082b0114e7a67410e300892448951e6

PODFILE CHECKSUM: cc1f88378b4bfcf93a6ce00d2c587857c6008d3b

COCOAPODS: 1.11.2
